Microsoft Visual Studio Solution File, Format Version 12.00
# Visual Studio Version 17
VisualStudioVersion = 17.5.2.0
MinimumVisualStudioVersion = 10.0.40219.1
Project("{FAE04EC0-301F-11D3-BF4B-00C04F79EFBC}") = "URLShortering", "URLShortering.csproj", "{B80F56CA-46CE-5A3D-2847-AD4AA0EBBF99}"
EndProject
Global
	GlobalSection(SolutionConfigurationPlatforms) = preSolution
		Debug|Any CPU = Debug|Any CPU
		Release|Any CPU = Release|Any CPU
	EndGlobalSection
	GlobalSection(ProjectConfigurationPlatforms) = postSolution
		{B80F56CA-46CE-5A3D-2847-AD4AA0EBBF99}.Debug|Any CPU.ActiveCfg = Debug|Any CPU
		{B80F56CA-46CE-5A3D-2847-AD4AA0EBBF99}.Debug|Any CPU.Build.0 = Debug|Any CPU
		{B80F56CA-46CE-5A3D-2847-AD4AA0EBBF99}.Release|Any CPU.ActiveCfg = Release|Any CPU
		{B80F56CA-46CE-5A3D-2847-AD4AA0EBBF99}.Release|Any CPU.Build.0 = Release|Any CPU
	EndGlobalSection
	GlobalSection(SolutionProperties) = preSolution
		HideSolutionNode = FALSE
	EndGlobalSection
	GlobalSection(ExtensibilityGlobals) = postSolution
		SolutionGuid = {19240BEC-017D-42BC-97E7-F493ABEC1E46}
	EndGlobalSection
EndGlobal
